
Microsoft Visual Studio Solution File, Format Version 12.00
# Visual Studio Version 16
VisualStudioVersion = 16.0.29728.190
MinimumVisualStudioVersion = 10.0.40219.1
Project("{FAE04EC0-301F-11D3-BF4B-00C04F79EFBC}") = "Week 4 Code Along", "Week 4 Code Along\Week 4 Code Along.csproj", "{A2D120B2-D4D1-4027-9AFA-EFBC742C249F}"
EndProject
Global
	GlobalSection(SolutionConfigurationPlatforms) = preSolution
		Debug|Any CPU = Debug|Any CPU
		Release|Any CPU = Release|Any CPU
	EndGlobalSection
	GlobalSection(ProjectConfigurationPlatforms) = postSolution
		{A2D120B2-D4D1-4027-9AFA-EFBC742C249F}.Debug|Any CPU.ActiveCfg = Debug|Any CPU
		{A2D120B2-D4D1-4027-9AFA-EFBC742C249F}.Debug|Any CPU.Build.0 = Debug|Any CPU
		{A2D120B2-D4D1-4027-9AFA-EFBC742C249F}.Release|Any CPU.ActiveCfg = Release|Any CPU
		{A2D120B2-D4D1-4027-9AFA-EFBC742C249F}.Release|Any CPU.Build.0 = Release|Any CPU
	EndGlobalSection
	GlobalSection(SolutionProperties) = preSolution
		HideSolutionNode = FALSE
	EndGlobalSection
	GlobalSection(ExtensibilityGlobals) = postSolution
		SolutionGuid = {1E26EF5A-0A57-4AC4-ACB4-C678DFA0BD91}
	EndGlobalSection
EndGlobal
