
Microsoft Visual Studio Solution File, Format Version 12.00
# Visual Studio Version 16
VisualStudioVersion = 16.0.29728.190
MinimumVisualStudioVersion = 10.0.40219.1
Project("{FAE04EC0-301F-11D3-BF4B-00C04F79EFBC}") = "Week 3 Code Along", "Week 3 Code Along\Week 3 Code Along.csproj", "{AE90EBE2-18DE-479D-872D-368505665F86}"
EndProject
Global
	GlobalSection(SolutionConfigurationPlatforms) = preSolution
		Debug|Any CPU = Debug|Any CPU
		Release|Any CPU = Release|Any CPU
	EndGlobalSection
	GlobalSection(ProjectConfigurationPlatforms) = postSolution
		{AE90EBE2-18DE-479D-872D-368505665F86}.Debug|Any CPU.ActiveCfg = Debug|Any CPU
		{AE90EBE2-18DE-479D-872D-368505665F86}.Debug|Any CPU.Build.0 = Debug|Any CPU
		{AE90EBE2-18DE-479D-872D-368505665F86}.Release|Any CPU.ActiveCfg = Release|Any CPU
		{AE90EBE2-18DE-479D-872D-368505665F86}.Release|Any CPU.Build.0 = Release|Any CPU
	EndGlobalSection
	GlobalSection(SolutionProperties) = preSolution
		HideSolutionNode = FALSE
	EndGlobalSection
	GlobalSection(ExtensibilityGlobals) = postSolution
		SolutionGuid = {ECF875CA-16EB-478B-AD9E-22B33E21077D}
	EndGlobalSection
EndGlobal
